# This file is autogenerated, do not edit; changes may be undone by the next 'dep ensure'.


[[projects]]
  name = "github.com/google/uuid"
  packages = ["."]
  revision = "064e2069ce9c359c118179501254f67d7d37ba24"
  version = "0.2"

[solve-meta]
  analyzer-name = "dep"
  analyzer-version = 1
  inputs-digest = "bbf7e14049b374d939243d9efeedb2e83e2f1712b8c41dd5fbb788d7f6e53bc8"
  solver-name = "gps-cdcl"
  solver-version = 1
